
Microsoft Visual Studio Solution File, Format Version 12.00
# Visual Studio Version 16
VisualStudioVersion = 16.0.32002.261
MinimumVisualStudioVersion = 10.0.40219.1
Project("{9A19103F-16F7-4668-BE54-9A1E7A4F7556}") = "altv-vehbins-generator", "altv-vehbins-generator\altv-vehbins-generator.csproj", "{4F6B9F99-372B-4CF0-8D81-3BE0AB576F96}"
EndProject
Global
	GlobalSection(SolutionConfigurationPlatforms) = preSolution
		Debug|Any CPU = Debug|Any CPU
		Release|Any CPU = Release|Any CPU
	EndGlobalSection
	GlobalSection(ProjectConfigurationPlatforms) = postSolution
		{4F6B9F99-372B-4CF0-8D81-3BE0AB576F96}.Debug|Any CPU.ActiveCfg = Debug|Any CPU
		{4F6B9F99-372B-4CF0-8D81-3BE0AB576F96}.Debug|Any CPU.Build.0 = Debug|Any CPU
		{4F6B9F99-372B-4CF0-8D81-3BE0AB576F96}.Release|Any CPU.ActiveCfg = Release|Any CPU
		{4F6B9F99-372B-4CF0-8D81-3BE0AB576F96}.Release|Any CPU.Build.0 = Release|Any CPU
	EndGlobalSection
	GlobalSection(SolutionProperties) = preSolution
		HideSolutionNode = FALSE
	EndGlobalSection
	GlobalSection(ExtensibilityGlobals) = postSolution
		SolutionGuid = {5BE66FA4-5430-45D6-AB97-718AAD66B58F}
	EndGlobalSection
EndGlobal
